
Microsoft Visual Studio Solution File, Format Version 12.00
# Visual Studio 15
Project("{FAE04EC0-301F-11D3-BF4B-00C04F79EFBC}") = "UniRx", "UniRx.csproj", "{6E0F0165-A1DC-7633-7436-A5F4000B67F7}"
EndProject
Project("{FAE04EC0-301F-11D3-BF4B-00C04F79EFBC}") = "UniRx.Examples", "UniRx.Examples.csproj", "{B57DD170-BAD0-BA2D-DCC5-E72D0D377D0B}"
EndProject
Project("{FAE04EC0-301F-11D3-BF4B-00C04F79EFBC}") = "Assembly-CSharp", "Assembly-CSharp.csproj", "{70E0D5C3-D61A-807E-742F-54D208A843B6}"
EndProject
Global
	GlobalSection(SolutionConfigurationPlatforms) = preSolution
		Debug|Any CPU = Debug|Any CPU
		Release|Any CPU = Release|Any CPU
	EndGlobalSection
	GlobalSection(ProjectConfigurationPlatforms) = postSolution
		{6E0F0165-A1DC-7633-7436-A5F4000B67F7}.Debug|Any CPU.ActiveCfg = Debug|Any CPU
		{6E0F0165-A1DC-7633-7436-A5F4000B67F7}.Debug|Any CPU.Build.0 = Debug|Any CPU
		{6E0F0165-A1DC-7633-7436-A5F4000B67F7}.Release|Any CPU.ActiveCfg = Release|Any CPU
		{6E0F0165-A1DC-7633-7436-A5F4000B67F7}.Release|Any CPU.Build.0 = Release|Any CPU
		{B57DD170-BAD0-BA2D-DCC5-E72D0D377D0B}.Debug|Any CPU.ActiveCfg = Debug|Any CPU
		{B57DD170-BAD0-BA2D-DCC5-E72D0D377D0B}.Debug|Any CPU.Build.0 = Debug|Any CPU
		{B57DD170-BAD0-BA2D-DCC5-E72D0D377D0B}.Release|Any CPU.ActiveCfg = Release|Any CPU
		{B57DD170-BAD0-BA2D-DCC5-E72D0D377D0B}.Release|Any CPU.Build.0 = Release|Any CPU
		{70E0D5C3-D61A-807E-742F-54D208A843B6}.Debug|Any CPU.ActiveCfg = Debug|Any CPU
		{70E0D5C3-D61A-807E-742F-54D208A843B6}.Debug|Any CPU.Build.0 = Debug|Any CPU
		{70E0D5C3-D61A-807E-742F-54D208A843B6}.Release|Any CPU.ActiveCfg = Release|Any CPU
		{70E0D5C3-D61A-807E-742F-54D208A843B6}.Release|Any CPU.Build.0 = Release|Any CPU
	EndGlobalSection
	GlobalSection(SolutionProperties) = preSolution
		HideSolutionNode = FALSE
	EndGlobalSection
EndGlobal
