
Microsoft Visual Studio Solution File, Format Version 12.00
# Visual Studio 15
Project("{FAE04EC0-301F-11D3-BF4B-00C04F79EFBC}") = "UniRx", "UniRx.csproj", "{7877088F-B9E0-DCDB-0C42-94456C5E7368}"
EndProject
Project("{FAE04EC0-301F-11D3-BF4B-00C04F79EFBC}") = "Assembly-CSharp", "Assembly-CSharp.csproj", "{BE1C2194-97E6-1562-45A6-BF339C0266C1}"
EndProject
Project("{FAE04EC0-301F-11D3-BF4B-00C04F79EFBC}") = "UniRx.Examples", "UniRx.Examples.csproj", "{F886D4C1-F26B-B79A-A2C8-B87C4E864480}"
EndProject
Global
	GlobalSection(SolutionConfigurationPlatforms) = preSolution
		Debug|Any CPU = Debug|Any CPU
		Release|Any CPU = Release|Any CPU
	EndGlobalSection
	GlobalSection(ProjectConfigurationPlatforms) = postSolution
		{7877088F-B9E0-DCDB-0C42-94456C5E7368}.Debug|Any CPU.ActiveCfg = Debug|Any CPU
		{7877088F-B9E0-DCDB-0C42-94456C5E7368}.Debug|Any CPU.Build.0 = Debug|Any CPU
		{7877088F-B9E0-DCDB-0C42-94456C5E7368}.Release|Any CPU.ActiveCfg = Release|Any CPU
		{7877088F-B9E0-DCDB-0C42-94456C5E7368}.Release|Any CPU.Build.0 = Release|Any CPU
		{BE1C2194-97E6-1562-45A6-BF339C0266C1}.Debug|Any CPU.ActiveCfg = Debug|Any CPU
		{BE1C2194-97E6-1562-45A6-BF339C0266C1}.Debug|Any CPU.Build.0 = Debug|Any CPU
		{BE1C2194-97E6-1562-45A6-BF339C0266C1}.Release|Any CPU.ActiveCfg = Release|Any CPU
		{BE1C2194-97E6-1562-45A6-BF339C0266C1}.Release|Any CPU.Build.0 = Release|Any CPU
		{F886D4C1-F26B-B79A-A2C8-B87C4E864480}.Debug|Any CPU.ActiveCfg = Debug|Any CPU
		{F886D4C1-F26B-B79A-A2C8-B87C4E864480}.Debug|Any CPU.Build.0 = Debug|Any CPU
		{F886D4C1-F26B-B79A-A2C8-B87C4E864480}.Release|Any CPU.ActiveCfg = Release|Any CPU
		{F886D4C1-F26B-B79A-A2C8-B87C4E864480}.Release|Any CPU.Build.0 = Release|Any CPU
	EndGlobalSection
	GlobalSection(SolutionProperties) = preSolution
		HideSolutionNode = FALSE
	EndGlobalSection
EndGlobal
